
Microsoft Visual Studio Solution File, Format Version 12.00
# Visual Studio Version 17
VisualStudioVersion = 17.4.33110.190
MinimumVisualStudioVersion = 10.0.40219.1
Project("{9A19103F-16F7-4668-BE54-9A1E7A4F7556}") = "VidyaGaming", "VidyaGaming\VidyaGaming.csproj", "{4F370175-EF18-49CF-9AF4-A8ADAB1EE8C8}"
EndProject
Project("{9A19103F-16F7-4668-BE54-9A1E7A4F7556}") = "VidyaGaming.BL", "VidyaGaming.BL\VidyaGaming.BL.csproj", "{5C511F4C-D70B-4207-91AF-C1203FD750FA}"
EndProject
Project("{9A19103F-16F7-4668-BE54-9A1E7A4F7556}") = "VidyaGaming.DAL", "VidyaGaming.DAL\VidyaGaming.DAL.csproj", "{40ABFA77-E0BD-4688-9802-E5D21253AEAA}"
EndProject
Project("{FAE04EC0-301F-11D3-BF4B-00C04F79EFBC}") = "VidyaGaming.BL.Contracts", "VidyaGaming.BL.Contracts\VidyaGaming.BL.Contracts.csproj", "{0FF0E967-49FC-4559-A227-D99707A65149}"
EndProject
Global
	GlobalSection(SolutionConfigurationPlatforms) = preSolution
		Debug|Any CPU = Debug|Any CPU
		Release|Any CPU = Release|Any CPU
	EndGlobalSection
	GlobalSection(ProjectConfigurationPlatforms) = postSolution
		{4F370175-EF18-49CF-9AF4-A8ADAB1EE8C8}.Debug|Any CPU.ActiveCfg = Debug|Any CPU
		{4F370175-EF18-49CF-9AF4-A8ADAB1EE8C8}.Debug|Any CPU.Build.0 = Debug|Any CPU
		{4F370175-EF18-49CF-9AF4-A8ADAB1EE8C8}.Release|Any CPU.ActiveCfg = Release|Any CPU
		{4F370175-EF18-49CF-9AF4-A8ADAB1EE8C8}.Release|Any CPU.Build.0 = Release|Any CPU
		{5C511F4C-D70B-4207-91AF-C1203FD750FA}.Debug|Any CPU.ActiveCfg = Debug|Any CPU
		{5C511F4C-D70B-4207-91AF-C1203FD750FA}.Debug|Any CPU.Build.0 = Debug|Any CPU
		{5C511F4C-D70B-4207-91AF-C1203FD750FA}.Release|Any CPU.ActiveCfg = Release|Any CPU
		{5C511F4C-D70B-4207-91AF-C1203FD750FA}.Release|Any CPU.Build.0 = Release|Any CPU
		{40ABFA77-E0BD-4688-9802-E5D21253AEAA}.Debug|Any CPU.ActiveCfg = Debug|Any CPU
		{40ABFA77-E0BD-4688-9802-E5D21253AEAA}.Debug|Any CPU.Build.0 = Debug|Any CPU
		{40ABFA77-E0BD-4688-9802-E5D21253AEAA}.Release|Any CPU.ActiveCfg = Release|Any CPU
		{40ABFA77-E0BD-4688-9802-E5D21253AEAA}.Release|Any CPU.Build.0 = Release|Any CPU
		{0FF0E967-49FC-4559-A227-D99707A65149}.Debug|Any CPU.ActiveCfg = Debug|Any CPU
		{0FF0E967-49FC-4559-A227-D99707A65149}.Debug|Any CPU.Build.0 = Debug|Any CPU
		{0FF0E967-49FC-4559-A227-D99707A65149}.Release|Any CPU.ActiveCfg = Release|Any CPU
		{0FF0E967-49FC-4559-A227-D99707A65149}.Release|Any CPU.Build.0 = Release|Any CPU
	EndGlobalSection
	GlobalSection(SolutionProperties) = preSolution
		HideSolutionNode = FALSE
	EndGlobalSection
	GlobalSection(ExtensibilityGlobals) = postSolution
		SolutionGuid = {A39DEE00-5181-4D41-BAC3-CCAFFF0754BC}
	EndGlobalSection
EndGlobal
